
Microsoft Visual Studio Solution File, Format Version 12.00
# Visual Studio Version 17
VisualStudioVersion = 17.2.32519.379
MinimumVisualStudioVersion = 10.0.40219.1
Project("{FAE04EC0-301F-11D3-BF4B-00C04F79EFBC}") = "DrawPolynomialGraph", "DrawPolynomialGraph\DrawPolynomialGraph.csproj", "{F5352941-C451-43E3-9A93-D7491B2503D2}"
EndProject
Global
	GlobalSection(SolutionConfigurationPlatforms) = preSolution
		Debug|Any CPU = Debug|Any CPU
		Release|Any CPU = Release|Any CPU
	EndGlobalSection
	GlobalSection(ProjectConfigurationPlatforms) = postSolution
		{F5352941-C451-43E3-9A93-D7491B2503D2}.Debug|Any CPU.ActiveCfg = Debug|Any CPU
		{F5352941-C451-43E3-9A93-D7491B2503D2}.Debug|Any CPU.Build.0 = Debug|Any CPU
		{F5352941-C451-43E3-9A93-D7491B2503D2}.Release|Any CPU.ActiveCfg = Release|Any CPU
		{F5352941-C451-43E3-9A93-D7491B2503D2}.Release|Any CPU.Build.0 = Release|Any CPU
	EndGlobalSection
	GlobalSection(SolutionProperties) = preSolution
		HideSolutionNode = FALSE
	EndGlobalSection
	GlobalSection(ExtensibilityGlobals) = postSolution
		SolutionGuid = {577A1FC2-AC1E-452A-8CAB-DC1F297E2B85}
	EndGlobalSection
EndGlobal
